
Microsoft Visual Studio Solution File, Format Version 12.00
# Visual Studio Version 17
VisualStudioVersion = 17.5.002.0
MinimumVisualStudioVersion = 10.0.40219.1
Project("{2150E333-8FDC-42A3-9474-1A3956D46DE8}") = "csharp-prep", "csharp-prep", "{E9F953D9-140C-408F-BF9D-DBF994101066}"
EndProject
Project("{9A19103F-16F7-4668-BE54-9A1E7A4F7556}") = "Prep1", "csharp-prep\Prep1\Prep1.csproj", "{B977D0C2-AD34-4F21-9814-FB86E958CE32}"
EndProject
Project("{9A19103F-16F7-4668-BE54-9A1E7A4F7556}") = "Prep2", "csharp-prep\Prep2\Prep2.csproj", "{D3D0AFD6-AF25-4120-8A05-4019737CBEB8}"
EndProject
Project("{9A19103F-16F7-4668-BE54-9A1E7A4F7556}") = "Prep3", "csharp-prep\Prep3\Prep3.csproj", "{B222A14B-C324-4E80-B473-C7626FA5C60C}"
EndProject
Project("{9A19103F-16F7-4668-BE54-9A1E7A4F7556}") = "Prep4", "csharp-prep\Prep4\Prep4.csproj", "{907C4030-05AC-4626-A6F5-F0A50B2834E9}"
EndProject
Project("{9A19103F-16F7-4668-BE54-9A1E7A4F7556}") = "Prep5", "csharp-prep\Prep5\Prep5.csproj", "{C1FA84FA-81F9-4856-9A94-9DAF38498ECA}"
EndProject
Project("{2150E333-8FDC-42A3-9474-1A3956D46DE8}") = "final", "final", "{8B4098F3-4A2A-4A14-A394-0865854B632A}"
EndProject
Project("{9A19103F-16F7-4668-BE54-9A1E7A4F7556}") = "FinalProject", "final\FinalProject\FinalProject.csproj", "{6218931C-B8EF-479A-A557-028CF2B9A9A0}"
EndProject
Project("{9A19103F-16F7-4668-BE54-9A1E7A4F7556}") = "Foundation1", "final\Foundation1\Foundation1.csproj", "{325C4092-DFB1-40B0-A23D-5BD3734E6AAA}"
EndProject
Project("{9A19103F-16F7-4668-BE54-9A1E7A4F7556}") = "Foundation2", "final\Foundation2\Foundation2.csproj", "{A33AE55F-8817-4757-BD85-67651D5FF76C}"
EndProject
Project("{9A19103F-16F7-4668-BE54-9A1E7A4F7556}") = "Foundation3", "final\Foundation3\Foundation3.csproj", "{7990A847-F0F5-4375-AC25-162B019C4363}"
EndProject
Project("{9A19103F-16F7-4668-BE54-9A1E7A4F7556}") = "Foundation4", "final\Foundation4\Foundation4.csproj", "{B954847F-363B-4BC9-B319-0397F8D7390C}"
EndProject
Project("{2150E333-8FDC-42A3-9474-1A3956D46DE8}") = "prepare", "prepare", "{2E31F1DF-6E54-4078-86D4-27435DDCF860}"
EndProject
Project("{9A19103F-16F7-4668-BE54-9A1E7A4F7556}") = "Learning02", "prepare\Learning02\Learning02.csproj", "{60EF2B13-374F-4113-A332-42A506AD4235}"
EndProject
Project("{9A19103F-16F7-4668-BE54-9A1E7A4F7556}") = "Learning03", "prepare\Learning03\Learning03.csproj", "{EF2905DE-0490-4D29-9C94-66CD98F1CF55}"
EndProject
Project("{9A19103F-16F7-4668-BE54-9A1E7A4F7556}") = "Learning04", "prepare\Learning04\Learning04.csproj", "{E5354DFD-D2A4-44BD-A58A-725DD1A5C64B}"
EndProject
Project("{9A19103F-16F7-4668-BE54-9A1E7A4F7556}") = "Learning05", "prepare\Learning05\Learning05.csproj", "{5FE88395-B213-4CE1-8F36-80F3EC728188}"
EndProject
Project("{2150E333-8FDC-42A3-9474-1A3956D46DE8}") = "prove", "prove", "{00C868FE-9006-41F2-A8E1-FD2C090258BD}"
EndProject
Project("{9A19103F-16F7-4668-BE54-9A1E7A4F7556}") = "Develop02", "prove\Develop02\Develop02.csproj", "{0668EA8C-0572-4723-9AE2-1CA2DCD7BD9A}"
EndProject
Project("{9A19103F-16F7-4668-BE54-9A1E7A4F7556}") = "Develop03", "prove\Develop03\Develop03.csproj", "{905B9749-C1BF-468F-BE1E-700472F1C413}"
EndProject
Project("{9A19103F-16F7-4668-BE54-9A1E7A4F7556}") = "Develop04", "prove\Develop04\Develop04.csproj", "{E82A5897-7A59-4FF6-8CC7-676DCBCDF9DA}"
EndProject
Project("{9A19103F-16F7-4668-BE54-9A1E7A4F7556}") = "Develop05", "prove\Develop05\Develop05.csproj", "{64C921FA-B270-4B5E-8A5B-825C8A68895A}"
EndProject
Project("{2150E333-8FDC-42A3-9474-1A3956D46DE8}") = "sandbox", "sandbox", "{DE0DC5C0-1794-4279-A5E1-42B58749C9AD}"
EndProject
Project("{9A19103F-16F7-4668-BE54-9A1E7A4F7556}") = "Sandbox", "sandbox\Sandbox\Sandbox.csproj", "{D9EB2A80-9941-40D4-A7BE-68B57EB897E0}"
EndProject
Global
	GlobalSection(SolutionConfigurationPlatforms) = preSolution
		Debug|Any CPU = Debug|Any CPU
		Release|Any CPU = Release|Any CPU
	EndGlobalSection
	GlobalSection(ProjectConfigurationPlatforms) = postSolution
		{B977D0C2-AD34-4F21-9814-FB86E958CE32}.Debug|Any CPU.ActiveCfg = Debug|Any CPU
		{B977D0C2-AD34-4F21-9814-FB86E958CE32}.Debug|Any CPU.Build.0 = Debug|Any CPU
		{B977D0C2-AD34-4F21-9814-FB86E958CE32}.Release|Any CPU.ActiveCfg = Release|Any CPU
		{B977D0C2-AD34-4F21-9814-FB86E958CE32}.Release|Any CPU.Build.0 = Release|Any CPU
		{D3D0AFD6-AF25-4120-8A05-4019737CBEB8}.Debug|Any CPU.ActiveCfg = Debug|Any CPU
		{D3D0AFD6-AF25-4120-8A05-4019737CBEB8}.Debug|Any CPU.Build.0 = Debug|Any CPU
		{D3D0AFD6-AF25-4120-8A05-4019737CBEB8}.Release|Any CPU.ActiveCfg = Release|Any CPU
		{D3D0AFD6-AF25-4120-8A05-4019737CBEB8}.Release|Any CPU.Build.0 = Release|Any CPU
		{B222A14B-C324-4E80-B473-C7626FA5C60C}.Debug|Any CPU.ActiveCfg = Debug|Any CPU
		{B222A14B-C324-4E80-B473-C7626FA5C60C}.Debug|Any CPU.Build.0 = Debug|Any CPU
		{B222A14B-C324-4E80-B473-C7626FA5C60C}.Release|Any CPU.ActiveCfg = Release|Any CPU
		{B222A14B-C324-4E80-B473-C7626FA5C60C}.Release|Any CPU.Build.0 = Release|Any CPU
		{907C4030-05AC-4626-A6F5-F0A50B2834E9}.Debug|Any CPU.ActiveCfg = Debug|Any CPU
		{907C4030-05AC-4626-A6F5-F0A50B2834E9}.Debug|Any CPU.Build.0 = Debug|Any CPU
		{907C4030-05AC-4626-A6F5-F0A50B2834E9}.Release|Any CPU.ActiveCfg = Release|Any CPU
		{907C4030-05AC-4626-A6F5-F0A50B2834E9}.Release|Any CPU.Build.0 = Release|Any CPU
		{C1FA84FA-81F9-4856-9A94-9DAF38498ECA}.Debug|Any CPU.ActiveCfg = Debug|Any CPU
		{C1FA84FA-81F9-4856-9A94-9DAF38498ECA}.Debug|Any CPU.Build.0 = Debug|Any CPU
		{C1FA84FA-81F9-4856-9A94-9DAF38498ECA}.Release|Any CPU.ActiveCfg = Release|Any CPU
		{C1FA84FA-81F9-4856-9A94-9DAF38498ECA}.Release|Any CPU.Build.0 = Release|Any CPU
		{6218931C-B8EF-479A-A557-028CF2B9A9A0}.Debug|Any CPU.ActiveCfg = Debug|Any CPU
		{6218931C-B8EF-479A-A557-028CF2B9A9A0}.Debug|Any CPU.Build.0 = Debug|Any CPU
		{6218931C-B8EF-479A-A557-028CF2B9A9A0}.Release|Any CPU.ActiveCfg = Release|Any CPU
		{6218931C-B8EF-479A-A557-028CF2B9A9A0}.Release|Any CPU.Build.0 = Release|Any CPU
		{325C4092-DFB1-40B0-A23D-5BD3734E6AAA}.Debug|Any CPU.ActiveCfg = Debug|Any CPU
		{325C4092-DFB1-40B0-A23D-5BD3734E6AAA}.Debug|Any CPU.Build.0 = Debug|Any CPU
		{325C4092-DFB1-40B0-A23D-5BD3734E6AAA}.Release|Any CPU.ActiveCfg = Release|Any CPU
		{325C4092-DFB1-40B0-A23D-5BD3734E6AAA}.Release|Any CPU.Build.0 = Release|Any CPU
		{A33AE55F-8817-4757-BD85-67651D5FF76C}.Debug|Any CPU.ActiveCfg = Debug|Any CPU
		{A33AE55F-8817-4757-BD85-67651D5FF76C}.Debug|Any CPU.Build.0 = Debug|Any CPU
		{A33AE55F-8817-4757-BD85-67651D5FF76C}.Release|Any CPU.ActiveCfg = Release|Any CPU
		{A33AE55F-8817-4757-BD85-67651D5FF76C}.Release|Any CPU.Build.0 = Release|Any CPU
		{7990A847-F0F5-4375-AC25-162B019C4363}.Debug|Any CPU.ActiveCfg = Debug|Any CPU
		{7990A847-F0F5-4375-AC25-162B019C4363}.Debug|Any CPU.Build.0 = Debug|Any CPU
		{7990A847-F0F5-4375-AC25-162B019C4363}.Release|Any CPU.ActiveCfg = Release|Any CPU
		{7990A847-F0F5-4375-AC25-162B019C4363}.Release|Any CPU.Build.0 = Release|Any CPU
		{B954847F-363B-4BC9-B319-0397F8D7390C}.Debug|Any CPU.ActiveCfg = Debug|Any CPU
		{B954847F-363B-4BC9-B319-0397F8D7390C}.Debug|Any CPU.Build.0 = Debug|Any CPU
		{B954847F-363B-4BC9-B319-0397F8D7390C}.Release|Any CPU.ActiveCfg = Release|Any CPU
		{B954847F-363B-4BC9-B319-0397F8D7390C}.Release|Any CPU.Build.0 = Release|Any CPU
		{60EF2B13-374F-4113-A332-42A506AD4235}.Debug|Any CPU.ActiveCfg = Debug|Any CPU
		{60EF2B13-374F-4113-A332-42A506AD4235}.Debug|Any CPU.Build.0 = Debug|Any CPU
		{60EF2B13-374F-4113-A332-42A506AD4235}.Release|Any CPU.ActiveCfg = Release|Any CPU
		{60EF2B13-374F-4113-A332-42A506AD4235}.Release|Any CPU.Build.0 = Release|Any CPU
		{EF2905DE-0490-4D29-9C94-66CD98F1CF55}.Debug|Any CPU.ActiveCfg = Debug|Any CPU
		{EF2905DE-0490-4D29-9C94-66CD98F1CF55}.Debug|Any CPU.Build.0 = Debug|Any CPU
		{EF2905DE-0490-4D29-9C94-66CD98F1CF55}.Release|Any CPU.ActiveCfg = Release|Any CPU
		{EF2905DE-0490-4D29-9C94-66CD98F1CF55}.Release|Any CPU.Build.0 = Release|Any CPU
		{E5354DFD-D2A4-44BD-A58A-725DD1A5C64B}.Debug|Any CPU.ActiveCfg = Debug|Any CPU
		{E5354DFD-D2A4-44BD-A58A-725DD1A5C64B}.Debug|Any CPU.Build.0 = Debug|Any CPU
		{E5354DFD-D2A4-44BD-A58A-725DD1A5C64B}.Release|Any CPU.ActiveCfg = Release|Any CPU
		{E5354DFD-D2A4-44BD-A58A-725DD1A5C64B}.Release|Any CPU.Build.0 = Release|Any CPU
		{5FE88395-B213-4CE1-8F36-80F3EC728188}.Debug|Any CPU.ActiveCfg = Debug|Any CPU
		{5FE88395-B213-4CE1-8F36-80F3EC728188}.Debug|Any CPU.Build.0 = Debug|Any CPU
		{5FE88395-B213-4CE1-8F36-80F3EC728188}.Release|Any CPU.ActiveCfg = Release|Any CPU
		{5FE88395-B213-4CE1-8F36-80F3EC728188}.Release|Any CPU.Build.0 = Release|Any CPU
		{0668EA8C-0572-4723-9AE2-1CA2DCD7BD9A}.Debug|Any CPU.ActiveCfg = Debug|Any CPU
		{0668EA8C-0572-4723-9AE2-1CA2DCD7BD9A}.Debug|Any CPU.Build.0 = Debug|Any CPU
		{0668EA8C-0572-4723-9AE2-1CA2DCD7BD9A}.Release|Any CPU.ActiveCfg = Release|Any CPU
		{0668EA8C-0572-4723-9AE2-1CA2DCD7BD9A}.Release|Any CPU.Build.0 = Release|Any CPU
		{905B9749-C1BF-468F-BE1E-700472F1C413}.Debug|Any CPU.ActiveCfg = Debug|Any CPU
		{905B9749-C1BF-468F-BE1E-700472F1C413}.Debug|Any CPU.Build.0 = Debug|Any CPU
		{905B9749-C1BF-468F-BE1E-700472F1C413}.Release|Any CPU.ActiveCfg = Release|Any CPU
		{905B9749-C1BF-468F-BE1E-700472F1C413}.Release|Any CPU.Build.0 = Release|Any CPU
		{E82A5897-7A59-4FF6-8CC7-676DCBCDF9DA}.Debug|Any CPU.ActiveCfg = Debug|Any CPU
		{E82A5897-7A59-4FF6-8CC7-676DCBCDF9DA}.Debug|Any CPU.Build.0 = Debug|Any CPU
		{E82A5897-7A59-4FF6-8CC7-676DCBCDF9DA}.Release|Any CPU.ActiveCfg = Release|Any CPU
		{E82A5897-7A59-4FF6-8CC7-676DCBCDF9DA}.Release|Any CPU.Build.0 = Release|Any CPU
		{64C921FA-B270-4B5E-8A5B-825C8A68895A}.Debug|Any CPU.ActiveCfg = Debug|Any CPU
		{64C921FA-B270-4B5E-8A5B-825C8A68895A}.Debug|Any CPU.Build.0 = Debug|Any CPU
		{64C921FA-B270-4B5E-8A5B-825C8A68895A}.Release|Any CPU.ActiveCfg = Release|Any CPU
		{64C921FA-B270-4B5E-8A5B-825C8A68895A}.Release|Any CPU.Build.0 = Release|Any CPU
		{D9EB2A80-9941-40D4-A7BE-68B57EB897E0}.Debug|Any CPU.ActiveCfg = Debug|Any CPU
		{D9EB2A80-9941-40D4-A7BE-68B57EB897E0}.Debug|Any CPU.Build.0 = Debug|Any CPU
		{D9EB2A80-9941-40D4-A7BE-68B57EB897E0}.Release|Any CPU.ActiveCfg = Release|Any CPU
		{D9EB2A80-9941-40D4-A7BE-68B57EB897E0}.Release|Any CPU.Build.0 = Release|Any CPU
	EndGlobalSection
	GlobalSection(SolutionProperties) = preSolution
		HideSolutionNode = FALSE
	EndGlobalSection
	GlobalSection(NestedProjects) = preSolution
		{B977D0C2-AD34-4F21-9814-FB86E958CE32} = {E9F953D9-140C-408F-BF9D-DBF994101066}
		{D3D0AFD6-AF25-4120-8A05-4019737CBEB8} = {E9F953D9-140C-408F-BF9D-DBF994101066}
		{B222A14B-C324-4E80-B473-C7626FA5C60C} = {E9F953D9-140C-408F-BF9D-DBF994101066}
		{907C4030-05AC-4626-A6F5-F0A50B2834E9} = {E9F953D9-140C-408F-BF9D-DBF994101066}
		{C1FA84FA-81F9-4856-9A94-9DAF38498ECA} = {E9F953D9-140C-408F-BF9D-DBF994101066}
		{6218931C-B8EF-479A-A557-028CF2B9A9A0} = {8B4098F3-4A2A-4A14-A394-0865854B632A}
		{325C4092-DFB1-40B0-A23D-5BD3734E6AAA} = {8B4098F3-4A2A-4A14-A394-0865854B632A}
		{A33AE55F-8817-4757-BD85-67651D5FF76C} = {8B4098F3-4A2A-4A14-A394-0865854B632A}
		{7990A847-F0F5-4375-AC25-162B019C4363} = {8B4098F3-4A2A-4A14-A394-0865854B632A}
		{B954847F-363B-4BC9-B319-0397F8D7390C} = {8B4098F3-4A2A-4A14-A394-0865854B632A}
		{60EF2B13-374F-4113-A332-42A506AD4235} = {2E31F1DF-6E54-4078-86D4-27435DDCF860}
		{EF2905DE-0490-4D29-9C94-66CD98F1CF55} = {2E31F1DF-6E54-4078-86D4-27435DDCF860}
		{E5354DFD-D2A4-44BD-A58A-725DD1A5C64B} = {2E31F1DF-6E54-4078-86D4-27435DDCF860}
		{5FE88395-B213-4CE1-8F36-80F3EC728188} = {2E31F1DF-6E54-4078-86D4-27435DDCF860}
		{0668EA8C-0572-4723-9AE2-1CA2DCD7BD9A} = {00C868FE-9006-41F2-A8E1-FD2C090258BD}
		{905B9749-C1BF-468F-BE1E-700472F1C413} = {00C868FE-9006-41F2-A8E1-FD2C090258BD}
		{E82A5897-7A59-4FF6-8CC7-676DCBCDF9DA} = {00C868FE-9006-41F2-A8E1-FD2C090258BD}
		{64C921FA-B270-4B5E-8A5B-825C8A68895A} = {00C868FE-9006-41F2-A8E1-FD2C090258BD}
		{D9EB2A80-9941-40D4-A7BE-68B57EB897E0} = {DE0DC5C0-1794-4279-A5E1-42B58749C9AD}
	EndGlobalSection
	GlobalSection(ExtensibilityGlobals) = postSolution
		SolutionGuid = {B62103C4-EA41-4F8A-B4EB-6314392FF918}
	EndGlobalSection
EndGlobal
